// !$*UTF8*$!
{
	archiveVersion = 1;
	classes = {
	};
	objectVersion = 55;
	objects = {

/* Begin PBXBuildFile section */
		8DF7970D29ED950500D0F84A /* iOS_ChallengeApp.swift in Sources */ = {isa = PBXBuildFile; fileRef = 8DF7970C29ED950500D0F84A /* iOS_ChallengeApp.swift */; };
		8DF7970F29ED950500D0F84A /* ContentView.swift in Sources */ = {isa = PBXBuildFile; fileRef = 8DF7970E29ED950500D0F84A /* ContentView.swift */; };
		8DF7971129ED950900D0F84A /* Assets.xcassets in Resources */ = {isa = PBXBuildFile; fileRef = 8DF7971029ED950900D0F84A /* Assets.xcassets */; };
		8DF7971429ED950900D0F84A /* Preview Assets.xcassets in Resources */ = {isa = PBXBuildFile; fileRef = 8DF7971329ED950900D0F84A /* Preview Assets.xcassets */; };
		8DF7971929ED950900D0F84A /* iOS_Challenge.xcdatamodeld in Sources */ = {isa = PBXBuildFile; fileRef = 8DF7971729ED950900D0F84A /* iOS_Challenge.xcdatamodeld */; };
		8DF7972329ED950A00D0F84A /* iOS_ChallengeTests.swift in Sources */ = {isa = PBXBuildFile; fileRef = 8DF7972229ED950A00D0F84A /* iOS_ChallengeTests.swift */; };
		8DF7972D29ED950A00D0F84A /* iOS_ChallengeUITests.swift in Sources */ = {isa = PBXBuildFile; fileRef = 8DF7972C29ED950A00D0F84A /* iOS_ChallengeUITests.swift */; };
		8DF7972F29ED950A00D0F84A /* iOS_ChallengeUITestsLaunchTests.swift in Sources */ = {isa = PBXBuildFile; fileRef = 8DF7972E29ED950A00D0F84A /* iOS_ChallengeUITestsLaunchTests.swift */; };
		8DF7973F29ED983500D0F84A /* PlanetModel.swift in Sources */ = {isa = PBXBuildFile; fileRef = 8DF7973E29ED983500D0F84A /* PlanetModel.swift */; };
		8DF7974129ED987E00D0F84A /* PlanetViewModel.swift in Sources */ = {isa = PBXBuildFile; fileRef = 8DF7974029ED987E00D0F84A /* PlanetViewModel.swift */; };
		8DF7974429ED999900D0F84A /* PlanetViewService.swift in Sources */ = {isa = PBXBuildFile; fileRef = 8DF7974329ED999900D0F84A /* PlanetViewService.swift */; };
		8DF7974629EDA23000D0F84A /* PlanetRow.swift in Sources */ = {isa = PBXBuildFile; fileRef = 8DF7974529EDA23000D0F84A /* PlanetRow.swift */; };
		8DF7974929EDB22500D0F84A /* Result.swift in Sources */ = {isa = PBXBuildFile; fileRef = 8DF7974829EDB22400D0F84A /* Result.swift */; };
		8DF7974B29EDB25600D0F84A /* ApiClient.swift in Sources */ = {isa = PBXBuildFile; fileRef = 8DF7974A29EDB25600D0F84A /* ApiClient.swift */; };
		8DF7975129EDBDE300D0F84A /* PlanetList.json in Resources */ = {isa = PBXBuildFile; fileRef = 8DF7975029EDBDE300D0F84A /* PlanetList.json */; };
		8DF7975329EDBE2700D0F84A /* MockPlanetViewService.swift in Sources */ = {isa = PBXBuildFile; fileRef = 8DF7975229EDBE2700D0F84A /* MockPlanetViewService.swift */; };
		8DF7975529EDC0FB00D0F84A /* PlanetViewModelTests.swift in Sources */ = {isa = PBXBuildFile; fileRef = 8DF7975429EDC0FB00D0F84A /* PlanetViewModelTests.swift */; };
		8DF7976529EEF9F600D0F84A /* PlanetViewCoreDataService.swift in Sources */ = {isa = PBXBuildFile; fileRef = 8DF7976429EEF9F600D0F84A /* PlanetViewCoreDataService.swift */; };
		8DF7976729EEFA0B00D0F84A /* PlanetViewDataService.swift in Sources */ = {isa = PBXBuildFile; fileRef = 8DF7976629EEFA0B00D0F84A /* PlanetViewDataService.swift */; };
		8DF7976B29EEFCCF00D0F84A /* CoreData.swift in Sources */ = {isa = PBXBuildFile; fileRef = 8DF7976A29EEFCCE00D0F84A /* CoreData.swift */; };
/* End PBXBuildFile section */

/* Begin PBXContainerItemProxy section */
		8DF7971F29ED950A00D0F84A /* PBXContainerItemProxy */ = {
			isa = PBXContainerItemProxy;
			containerPortal = 8DF7970129ED950500D0F84A /* Project object */;
			proxyType = 1;
			remoteGlobalIDString = 8DF7970829ED950500D0F84A;
			remoteInfo = "iOS Challenge";
		};
		8DF7972929ED950A00D0F84A /* PBXContainerItemProxy */ = {
			isa = PBXContainerItemProxy;
			containerPortal = 8DF7970129ED950500D0F84A /* Project object */;
			proxyType = 1;
			remoteGlobalIDString = 8DF7970829ED950500D0F84A;
			remoteInfo = "iOS Challenge";
		};
/* End PBXContainerItemProxy section */

/* Begin PBXFileReference section */
		8DF7970929ED950500D0F84A /* iOS Challenge.app */ = {isa = PBXFileReference; explicitFileType = wrapper.application; includeInIndex = 0; path = "iOS Challenge.app"; sourceTree = BUILT_PRODUCTS_DIR; };
		8DF7970C29ED950500D0F84A /* iOS_ChallengeApp.swift */ = {isa = PBXFileReference; lastKnownFileType = sourcecode.swift; path = iOS_ChallengeApp.swift; sourceTree = "<group>"; };
		8DF7970E29ED950500D0F84A /* ContentView.swift */ = {isa = PBXFileReference; lastKnownFileType = sourcecode.swift; path = ContentView.swift; sourceTree = "<group>"; };
		8DF7971029ED950900D0F84A /* Assets.xcassets */ = {isa = PBXFileReference; lastKnownFileType = folder.assetcatalog; path = Assets.xcassets; sourceTree = "<group>"; };
		8DF7971329ED950900D0F84A /* Preview Assets.xcassets */ = {isa = PBXFileReference; lastKnownFileType = folder.assetcatalog; path = "Preview Assets.xcassets"; sourceTree = "<group>"; };
		8DF7971829ED950900D0F84A /* iOS_Challenge.xcdatamodel */ = {isa = PBXFileReference; lastKnownFileType = wrapper.xcdatamodel; path = iOS_Challenge.xcdatamodel; sourceTree = "<group>"; };
		8DF7971E29ED950A00D0F84A /* iOS ChallengeTests.xctest */ = {isa = PBXFileReference; explicitFileType = wrapper.cfbundle; includeInIndex = 0; path = "iOS ChallengeTests.xctest"; sourceTree = BUILT_PRODUCTS_DIR; };
		8DF7972229ED950A00D0F84A /* iOS_ChallengeTests.swift */ = {isa = PBXFileReference; lastKnownFileType = sourcecode.swift; path = iOS_ChallengeTests.swift; sourceTree = "<group>"; };
		8DF7972829ED950A00D0F84A /* iOS ChallengeUITests.xctest */ = {isa = PBXFileReference; explicitFileType = wrapper.cfbundle; includeInIndex = 0; path = "iOS ChallengeUITests.xctest"; sourceTree = BUILT_PRODUCTS_DIR; };
		8DF7972C29ED950A00D0F84A /* iOS_ChallengeUITests.swift */ = {isa = PBXFileReference; lastKnownFileType = sourcecode.swift; path = iOS_ChallengeUITests.swift; sourceTree = "<group>"; };
		8DF7972E29ED950A00D0F84A /* iOS_ChallengeUITestsLaunchTests.swift */ = {isa = PBXFileReference; lastKnownFileType = sourcecode.swift; path = iOS_ChallengeUITestsLaunchTests.swift; sourceTree = "<group>"; };
		8DF7973E29ED983500D0F84A /* PlanetModel.swift */ = {isa = PBXFileReference; lastKnownFileType = sourcecode.swift; path = PlanetModel.swift; sourceTree = "<group>"; };
		8DF7974029ED987E00D0F84A /* PlanetViewModel.swift */ = {isa = PBXFileReference; lastKnownFileType = sourcecode.swift; path = PlanetViewModel.swift; sourceTree = "<group>"; };
		8DF7974329ED999900D0F84A /* PlanetViewService.swift */ = {isa = PBXFileReference; lastKnownFileType = sourcecode.swift; path = PlanetViewService.swift; sourceTree = "<group>"; };
		8DF7974529EDA23000D0F84A /* PlanetRow.swift */ = {isa = PBXFileReference; lastKnownFileType = sourcecode.swift; path = PlanetRow.swift; sourceTree = "<group>"; };
		8DF7974829EDB22400D0F84A /* Result.swift */ = {isa = PBXFileReference; lastKnownFileType = sourcecode.swift; path = Result.swift; sourceTree = "<group>"; };
		8DF7974A29EDB25600D0F84A /* ApiClient.swift */ = {isa = PBXFileReference; lastKnownFileType = sourcecode.swift; path = ApiClient.swift; sourceTree = "<group>"; };
		8DF7975029EDBDE300D0F84A /* PlanetList.json */ = {isa = PBXFileReference; lastKnownFileType = text.json; path = PlanetList.json; sourceTree = "<group>"; };
		8DF7975229EDBE2700D0F84A /* MockPlanetViewService.swift */ = {isa = PBXFileReference; lastKnownFileType = sourcecode.swift; path = MockPlanetViewService.swift; sourceTree = "<group>"; };
		8DF7975429EDC0FB00D0F84A /* PlanetViewModelTests.swift */ = {isa = PBXFileReference; lastKnownFileType = sourcecode.swift; path = PlanetViewModelTests.swift; sourceTree = "<group>"; };
		8DF7976429EEF9F600D0F84A /* PlanetViewCoreDataService.swift */ = {isa = PBXFileReference; fileEncoding = 4; lastKnownFileType = sourcecode.swift; path = PlanetViewCoreDataService.swift; sourceTree = "<group>"; };
		8DF7976629EEFA0B00D0F84A /* PlanetViewDataService.swift */ = {isa = PBXFileReference; lastKnownFileType = sourcecode.swift; path = PlanetViewDataService.swift; sourceTree = "<group>"; };
		8DF7976A29EEFCCE00D0F84A /* CoreData.swift */ = {isa = PBXFileReference; lastKnownFileType = sourcecode.swift; path = CoreData.swift; sourceTree = "<group>"; };
/* End PBXFileReference section */

/* Begin PBXFrameworksBuildPhase section */
		8DF7970629ED950500D0F84A /* Frameworks */ = {
			isa = PBXFrameworksBuildPhase;
			buildActionMask = 2147483647;
			files = (
			);
			runOnlyForDeploymentPostprocessing = 0;
		};
		8DF7971B29ED950A00D0F84A /* Frameworks */ = {
			isa = PBXFrameworksBuildPhase;
			buildActionMask = 2147483647;
			files = (
			);
			runOnlyForDeploymentPostprocessing = 0;
		};
		8DF7972529ED950A00D0F84A /* Frameworks */ = {
			isa = PBXFrameworksBuildPhase;
			buildActionMask = 2147483647;
			files = (
			);
			runOnlyForDeploymentPostprocessing = 0;
		};
/* End PBXFrameworksBuildPhase section */

/* Begin PBXGroup section */
		8DF7970029ED950500D0F84A = {
			isa = PBXGroup;
			children = (
				8DF7970B29ED950500D0F84A /* iOS Challenge */,
				8DF7972129ED950A00D0F84A /* iOS ChallengeTests */,
				8DF7972B29ED950A00D0F84A /* iOS ChallengeUITests */,
				8DF7970A29ED950500D0F84A /* Products */,
			);
			sourceTree = "<group>";
		};
		8DF7970A29ED950500D0F84A /* Products */ = {
			isa = PBXGroup;
			children = (
				8DF7970929ED950500D0F84A /* iOS Challenge.app */,
				8DF7971E29ED950A00D0F84A /* iOS ChallengeTests.xctest */,
				8DF7972829ED950A00D0F84A /* iOS ChallengeUITests.xctest */,
			);
			name = Products;
			sourceTree = "<group>";
		};
		8DF7970B29ED950500D0F84A /* iOS Challenge */ = {
			isa = PBXGroup;
			children = (
				8DF7976129EEF98100D0F84A /* Coredata */,
				8DF7975629EEE2E100D0F84A /* DataLayer */,
				8DF7974729EDB1FF00D0F84A /* Network Manager */,
				8DF7974229ED998300D0F84A /* ApiService */,
				8DF7973D29ED97B000D0F84A /* Model */,
				8DF7973C29ED97A600D0F84A /* ViewModel */,
				8DF7973B29ED979C00D0F84A /* View */,
				8DF7970C29ED950500D0F84A /* iOS_ChallengeApp.swift */,
				8DF7970E29ED950500D0F84A /* ContentView.swift */,
				8DF7971029ED950900D0F84A /* Assets.xcassets */,
				8DF7971729ED950900D0F84A /* iOS_Challenge.xcdatamodeld */,
				8DF7971229ED950900D0F84A /* Preview Content */,
			);
			path = "iOS Challenge";
			sourceTree = "<group>";
		};
		8DF7971229ED950900D0F84A /* Preview Content */ = {
			isa = PBXGroup;
			children = (
				8DF7971329ED950900D0F84A /* Preview Assets.xcassets */,
			);
			path = "Preview Content";
			sourceTree = "<group>";
		};
		8DF7972129ED950A00D0F84A /* iOS ChallengeTests */ = {
			isa = PBXGroup;
			children = (
				8DF7972229ED950A00D0F84A /* iOS_ChallengeTests.swift */,
				8DF7975029EDBDE300D0F84A /* PlanetList.json */,
				8DF7975229EDBE2700D0F84A /* MockPlanetViewService.swift */,
				8DF7975429EDC0FB00D0F84A /* PlanetViewModelTests.swift */,
			);
			path = "iOS ChallengeTests";
			sourceTree = "<group>";
		};
		8DF7972B29ED950A00D0F84A /* iOS ChallengeUITests */ = {
			isa = PBXGroup;
			children = (
				8DF7972C29ED950A00D0F84A /* iOS_ChallengeUITests.swift */,
				8DF7972E29ED950A00D0F84A /* iOS_ChallengeUITestsLaunchTests.swift */,
			);
			path = "iOS ChallengeUITests";
			sourceTree = "<group>";
		};
		8DF7973B29ED979C00D0F84A /* View */ = {
			isa = PBXGroup;
			children = (
				8DF7974529EDA23000D0F84A /* PlanetRow.swift */,
			);
			path = View;
			sourceTree = "<group>";
		};
		8DF7973C29ED97A600D0F84A /* ViewModel */ = {
			isa = PBXGroup;
			children = (
				8DF7974029ED987E00D0F84A /* PlanetViewModel.swift */,
			);
			path = ViewModel;
			sourceTree = "<group>";
		};
		8DF7973D29ED97B000D0F84A /* Model */ = {
			isa = PBXGroup;
			children = (
				8DF7973E29ED983500D0F84A /* PlanetModel.swift */,
			);
			path = Model;
			sourceTree = "<group>";
		};
		8DF7974229ED998300D0F84A /* ApiService */ = {
			isa = PBXGroup;
			children = (
				8DF7974329ED999900D0F84A /* PlanetViewService.swift */,
			);
			path = ApiService;
			sourceTree = "<group>";
		};
		8DF7974729EDB1FF00D0F84A /* Network Manager */ = {
			isa = PBXGroup;
			children = (
				8DF7974829EDB22400D0F84A /* Result.swift */,
				8DF7974A29EDB25600D0F84A /* ApiClient.swift */,
			);
			path = "Network Manager";
			sourceTree = "<group>";
		};
		8DF7975629EEE2E100D0F84A /* DataLayer */ = {
			isa = PBXGroup;
			children = (
				8DF7976629EEFA0B00D0F84A /* PlanetViewDataService.swift */,
			);
			path = DataLayer;
			sourceTree = "<group>";
		};
		8DF7976129EEF98100D0F84A /* Coredata */ = {
			isa = PBXGroup;
			children = (
				8DF7976429EEF9F600D0F84A /* PlanetViewCoreDataService.swift */,
				8DF7976A29EEFCCE00D0F84A /* CoreData.swift */,
			);
			path = Coredata;
			sourceTree = "<group>";
		};
/* End PBXGroup section */

/* Begin PBXNativeTarget section */
		8DF7970829ED950500D0F84A /* iOS Challenge */ = {
			isa = PBXNativeTarget;
			buildConfigurationList = 8DF7973229ED950A00D0F84A /* Build configuration list for PBXNativeTarget "iOS Challenge" */;
			buildPhases = (
				8DF7970529ED950500D0F84A /* Sources */,
				8DF7970629ED950500D0F84A /* Frameworks */,
				8DF7970729ED950500D0F84A /* Resources */,
			);
			buildRules = (
			);
			dependencies = (
			);
			name = "iOS Challenge";
			productName = "iOS Challenge";
			productReference = 8DF7970929ED950500D0F84A /* iOS Challenge.app */;
			productType = "com.apple.product-type.application";
		};
		8DF7971D29ED950A00D0F84A /* iOS ChallengeTests */ = {
			isa = PBXNativeTarget;
			buildConfigurationList = 8DF7973529ED950A00D0F84A /* Build configuration list for PBXNativeTarget "iOS ChallengeTests" */;
			buildPhases = (
				8DF7971A29ED950A00D0F84A /* Sources */,
				8DF7971B29ED950A00D0F84A /* Frameworks */,
				8DF7971C29ED950A00D0F84A /* Resources */,
			);
			buildRules = (
			);
			dependencies = (
				8DF7972029ED950A00D0F84A /* PBXTargetDependency */,
			);
			name = "iOS ChallengeTests";
			productName = "iOS ChallengeTests";
			productReference = 8DF7971E29ED950A00D0F84A /* iOS ChallengeTests.xctest */;
			productType = "com.apple.product-type.bundle.unit-test";
		};
		8DF7972729ED950A00D0F84A /* iOS ChallengeUITests */ = {
			isa = PBXNativeTarget;
			buildConfigurationList = 8DF7973829ED950A00D0F84A /* Build configuration list for PBXNativeTarget "iOS ChallengeUITests" */;
			buildPhases = (
				8DF7972429ED950A00D0F84A /* Sources */,
				8DF7972529ED950A00D0F84A /* Frameworks */,
				8DF7972629ED950A00D0F84A /* Resources */,
			);
			buildRules = (
			);
			dependencies = (
				8DF7972A29ED950A00D0F84A /* PBXTargetDependency */,
			);
			name = "iOS ChallengeUITests";
			productName = "iOS ChallengeUITests";
			productReference = 8DF7972829ED950A00D0F84A /* iOS ChallengeUITests.xctest */;
			productType = "com.apple.product-type.bundle.ui-testing";
		};
/* End PBXNativeTarget section */

/* Begin PBXProject section */
		8DF7970129ED950500D0F84A /* Project object */ = {
			isa = PBXProject;
			attributes = {
				BuildIndependentTargetsInParallel = 1;
				LastSwiftUpdateCheck = 1310;
				LastUpgradeCheck = 1310;
				TargetAttributes = {
					8DF7970829ED950500D0F84A = {
						CreatedOnToolsVersion = 13.1;
					};
					8DF7971D29ED950A00D0F84A = {
						CreatedOnToolsVersion = 13.1;
						TestTargetID = 8DF7970829ED950500D0F84A;
					};
					8DF7972729ED950A00D0F84A = {
						CreatedOnToolsVersion = 13.1;
						TestTargetID = 8DF7970829ED950500D0F84A;
					};
				};
			};
			buildConfigurationList = 8DF7970429ED950500D0F84A /* Build configuration list for PBXProject "iOS Challenge" */;
			compatibilityVersion = "Xcode 13.0";
			developmentRegion = en;
			hasScannedForEncodings = 0;
			knownRegions = (
				en,
				Base,
			);
			mainGroup = 8DF7970029ED950500D0F84A;
			productRefGroup = 8DF7970A29ED950500D0F84A /* Products */;
			projectDirPath = "";
			projectRoot = "";
			targets = (
				8DF7970829ED950500D0F84A /* iOS Challenge */,
				8DF7971D29ED950A00D0F84A /* iOS ChallengeTests */,
				8DF7972729ED950A00D0F84A /* iOS ChallengeUITests */,
			);
		};
/* End PBXProject section */

/* Begin PBXResourcesBuildPhase section */
		8DF7970729ED950500D0F84A /* Resources */ = {
			isa = PBXResourcesBuildPhase;
			buildActionMask = 2147483647;
			files = (
				8DF7971429ED950900D0F84A /* Preview Assets.xcassets in Resources */,
				8DF7971129ED950900D0F84A /* Assets.xcassets in Resources */,
			);
			runOnlyForDeploymentPostprocessing = 0;
		};
		8DF7971C29ED950A00D0F84A /* Resources */ = {
			isa = PBXResourcesBuildPhase;
			buildActionMask = 2147483647;
			files = (
				8DF7975129EDBDE300D0F84A /* PlanetList.json in Resources */,
			);
			runOnlyForDeploymentPostprocessing = 0;
		};
		8DF7972629ED950A00D0F84A /* Resources */ = {
			isa = PBXResourcesBuildPhase;
			buildActionMask = 2147483647;
			files = (
			);
			runOnlyForDeploymentPostprocessing = 0;
		};
/* End PBXResourcesBuildPhase section */

/* Begin PBXSourcesBuildPhase section */
		8DF7970529ED950500D0F84A /* Sources */ = {
			isa = PBXSourcesBuildPhase;
			buildActionMask = 2147483647;
			files = (
				8DF7974929EDB22500D0F84A /* Result.swift in Sources */,
				8DF7974429ED999900D0F84A /* PlanetViewService.swift in Sources */,
				8DF7976729EEFA0B00D0F84A /* PlanetViewDataService.swift in Sources */,
				8DF7970F29ED950500D0F84A /* ContentView.swift in Sources */,
				8DF7970D29ED950500D0F84A /* iOS_ChallengeApp.swift in Sources */,
				8DF7971929ED950900D0F84A /* iOS_Challenge.xcdatamodeld in Sources */,
				8DF7974129ED987E00D0F84A /* PlanetViewModel.swift in Sources */,
				8DF7974629EDA23000D0F84A /* PlanetRow.swift in Sources */,
				8DF7973F29ED983500D0F84A /* PlanetModel.swift in Sources */,
				8DF7976B29EEFCCF00D0F84A /* CoreData.swift in Sources */,
				8DF7974B29EDB25600D0F84A /* ApiClient.swift in Sources */,
				8DF7976529EEF9F600D0F84A /* PlanetViewCoreDataService.swift in Sources */,
			);
			runOnlyForDeploymentPostprocessing = 0;
		};
		8DF7971A29ED950A00D0F84A /* Sources */ = {
			isa = PBXSourcesBuildPhase;
			buildActionMask = 2147483647;
			files = (
				8DF7975329EDBE2700D0F84A /* MockPlanetViewService.swift in Sources */,
				8DF7975529EDC0FB00D0F84A /* PlanetViewModelTests.swift in Sources */,
				8DF7972329ED950A00D0F84A /* iOS_ChallengeTests.swift in Sources */,
			);
			runOnlyForDeploymentPostprocessing = 0;
		};
		8DF7972429ED950A00D0F84A /* Sources */ = {
			isa = PBXSourcesBuildPhase;
			buildActionMask = 2147483647;
			files = (
				8DF7972F29ED950A00D0F84A /* iOS_ChallengeUITestsLaunchTests.swift in Sources */,
				8DF7972D29ED950A00D0F84A /* iOS_ChallengeUITests.swift in Sources */,
			);
			runOnlyForDeploymentPostprocessing = 0;
		};
/* End PBXSourcesBuildPhase section */

/* Begin PBXTargetDependency section */
		8DF7972029ED950A00D0F84A /* PBXTargetDependency */ = {
			isa = PBXTargetDependency;
			target = 8DF7970829ED950500D0F84A /* iOS Challenge */;
			targetProxy = 8DF7971F29ED950A00D0F84A /* PBXContainerItemProxy */;
		};
		8DF7972A29ED950A00D0F84A /* PBXTargetDependency */ = {
			isa = PBXTargetDependency;
			target = 8DF7970829ED950500D0F84A /* iOS Challenge */;
			targetProxy = 8DF7972929ED950A00D0F84A /* PBXContainerItemProxy */;
		};
/* End PBXTargetDependency section */

/* Begin XCBuildConfiguration section */
		8DF7973029ED950A00D0F84A /* Debug */ = {
			isa = XCBuildConfiguration;
			buildSettings = {
				ALWAYS_SEARCH_USER_PATHS = NO;
				CLANG_ANALYZER_NONNULL = YES;
				CLANG_ANALYZER_NUMBER_OBJECT_CONVERSION = YES_AGGRESSIVE;
				CLANG_CXX_LANGUAGE_STANDARD = "gnu++17";
				CLANG_CXX_LIBRARY = "libc++";
				CLANG_ENABLE_MODULES = YES;
				CLANG_ENABLE_OBJC_ARC = YES;
				CLANG_ENABLE_OBJC_WEAK = YES;
				CLANG_WARN_BLOCK_CAPTURE_AUTORELEASING = YES;
				CLANG_WARN_BOOL_CONVERSION = YES;
				CLANG_WARN_COMMA = YES;
				CLANG_WARN_CONSTANT_CONVERSION = YES;
				CLANG_WARN_DEPRECATED_OBJC_IMPLEMENTATIONS = YES;
				CLANG_WARN_DIRECT_OBJC_ISA_USAGE = YES_ERROR;
				CLANG_WARN_DOCUMENTATION_COMMENTS = YES;
				CLANG_WARN_EMPTY_BODY = YES;
				CLANG_WARN_ENUM_CONVERSION = YES;
				CLANG_WARN_INFINITE_RECURSION = YES;
				CLANG_WARN_INT_CONVERSION = YES;
				CLANG_WARN_NON_LITERAL_NULL_CONVERSION = YES;
				CLANG_WARN_OBJC_IMPLICIT_RETAIN_SELF = YES;
				CLANG_WARN_OBJC_LITERAL_CONVERSION = YES;
				CLANG_WARN_OBJC_ROOT_CLASS = YES_ERROR;
				CLANG_WARN_QUOTED_INCLUDE_IN_FRAMEWORK_HEADER = YES;
				CLANG_WARN_RANGE_LOOP_ANALYSIS = YES;
				CLANG_WARN_STRICT_PROTOTYPES = YES;
				CLANG_WARN_SUSPICIOUS_MOVE = YES;
				CLANG_WARN_UNGUARDED_AVAILABILITY = YES_AGGRESSIVE;
				CLANG_WARN_UNREACHABLE_CODE = YES;
				CLANG_WARN__DUPLICATE_METHOD_MATCH = YES;
				COPY_PHASE_STRIP = NO;
				DEBUG_INFORMATION_FORMAT = dwarf;
				ENABLE_STRICT_OBJC_MSGSEND = YES;
				ENABLE_TESTABILITY = YES;
				GCC_C_LANGUAGE_STANDARD = gnu11;
				GCC_DYNAMIC_NO_PIC = NO;
				GCC_NO_COMMON_BLOCKS = YES;
				GCC_OPTIMIZATION_LEVEL = 0;
				GCC_PREPROCESSOR_DEFINITIONS = (
					"DEBUG=1",
					"$(inherited)",
				);
				GCC_WARN_64_TO_32_BIT_CONVERSION = YES;
				GCC_WARN_ABOUT_RETURN_TYPE = YES_ERROR;
				GCC_WARN_UNDECLARED_SELECTOR = YES;
				GCC_WARN_UNINITIALIZED_AUTOS = YES_AGGRESSIVE;
				GCC_WARN_UNUSED_FUNCTION = YES;
				GCC_WARN_UNUSED_VARIABLE = YES;
				IPHONEOS_DEPLOYMENT_TARGET = 15.0;
				MTL_ENABLE_DEBUG_INFO = INCLUDE_SOURCE;
				MTL_FAST_MATH = YES;
				ONLY_ACTIVE_ARCH = YES;
				SDKROOT = iphoneos;
				SWIFT_ACTIVE_COMPILATION_CONDITIONS = DEBUG;
				SWIFT_OPTIMIZATION_LEVEL = "-Onone";
			};
			name = Debug;
		};
		8DF7973129ED950A00D0F84A /* Release */ = {
			isa = XCBuildConfiguration;
			buildSettings = {
				ALWAYS_SEARCH_USER_PATHS = NO;
				CLANG_ANALYZER_NONNULL = YES;
				CLANG_ANALYZER_NUMBER_OBJECT_CONVERSION = YES_AGGRESSIVE;
				CLANG_CXX_LANGUAGE_STANDARD = "gnu++17";
				CLANG_CXX_LIBRARY = "libc++";
				CLANG_ENABLE_MODULES = YES;
				CLANG_ENABLE_OBJC_ARC = YES;
				CLANG_ENABLE_OBJC_WEAK = YES;
				CLANG_WARN_BLOCK_CAPTURE_AUTORELEASING = YES;
				CLANG_WARN_BOOL_CONVERSION = YES;
				CLANG_WARN_COMMA = YES;
				CLANG_WARN_CONSTANT_CONVERSION = YES;
				CLANG_WARN_DEPRECATED_OBJC_IMPLEMENTATIONS = YES;
				CLANG_WARN_DIRECT_OBJC_ISA_USAGE = YES_ERROR;
				CLANG_WARN_DOCUMENTATION_COMMENTS = YES;
				CLANG_WARN_EMPTY_BODY = YES;
				CLANG_WARN_ENUM_CONVERSION = YES;
				CLANG_WARN_INFINITE_RECURSION = YES;
				CLANG_WARN_INT_CONVERSION = YES;
				CLANG_WARN_NON_LITERAL_NULL_CONVERSION = YES;
				CLANG_WARN_OBJC_IMPLICIT_RETAIN_SELF = YES;
				CLANG_WARN_OBJC_LITERAL_CONVERSION = YES;
				CLANG_WARN_OBJC_ROOT_CLASS = YES_ERROR;
				CLANG_WARN_QUOTED_INCLUDE_IN_FRAMEWORK_HEADER = YES;
				CLANG_WARN_RANGE_LOOP_ANALYSIS = YES;
				CLANG_WARN_STRICT_PROTOTYPES = YES;
				CLANG_WARN_SUSPICIOUS_MOVE = YES;
				CLANG_WARN_UNGUARDED_AVAILABILITY = YES_AGGRESSIVE;
				CLANG_WARN_UNREACHABLE_CODE = YES;
				CLANG_WARN__DUPLICATE_METHOD_MATCH = YES;
				COPY_PHASE_STRIP = NO;
				DEBUG_INFORMATION_FORMAT = "dwarf-with-dsym";
				ENABLE_NS_ASSERTIONS = NO;
				ENABLE_STRICT_OBJC_MSGSEND = YES;
				GCC_C_LANGUAGE_STANDARD = gnu11;
				GCC_NO_COMMON_BLOCKS = YES;
				GCC_WARN_64_TO_32_BIT_CONVERSION = YES;
				GCC_WARN_ABOUT_RETURN_TYPE = YES_ERROR;
				GCC_WARN_UNDECLARED_SELECTOR = YES;
				GCC_WARN_UNINITIALIZED_AUTOS = YES_AGGRESSIVE;
				GCC_WARN_UNUSED_FUNCTION = YES;
				GCC_WARN_UNUSED_VARIABLE = YES;
				IPHONEOS_DEPLOYMENT_TARGET = 15.0;
				MTL_ENABLE_DEBUG_INFO = NO;
				MTL_FAST_MATH = YES;
				SDKROOT = iphoneos;
				SWIFT_COMPILATION_MODE = wholemodule;
				SWIFT_OPTIMIZATION_LEVEL = "-O";
				VALIDATE_PRODUCT = YES;
			};
			name = Release;
		};
		8DF7973329ED950A00D0F84A /* Debug */ = {
			isa = XCBuildConfiguration;
			buildSettings = {
				ASSETCATALOG_COMPILER_APPICON_NAME = AppIcon;
				ASSETCATALOG_COMPILER_GLOBAL_ACCENT_COLOR_NAME = AccentColor;
				CODE_SIGN_STYLE = Automatic;
				CURRENT_PROJECT_VERSION = 1;
				DEVELOPMENT_ASSET_PATHS = "\"iOS Challenge/Preview Content\"";
				DEVELOPMENT_TEAM = 36WCAWJJZ6;
				ENABLE_PREVIEWS = YES;
				GENERATE_INFOPLIST_FILE = YES;
				INFOPLIST_KEY_UIApplicationSceneManifest_Generation = YES;
				INFOPLIST_KEY_UIApplicationSupportsIndirectInputEvents = YES;
				INFOPLIST_KEY_UILaunchScreen_Generation = YES;
				INFOPLIST_KEY_UISupportedInterfaceOrientations_iPad = "UIInterfaceOrientationPortrait UIInterfaceOrientationPortraitUpsideDown UIInterfaceOrientationLandscapeLeft UIInterfaceOrientationLandscapeRight";
				INFOPLIST_KEY_UISupportedInterfaceOrientations_iPhone = "UIInterfaceOrientationPortrait UIInterfaceOrientationLandscapeLeft UIInterfaceOrientationLandscapeRight";
				LD_RUNPATH_SEARCH_PATHS = (
					"$(inherited)",
					"@executable_path/Frameworks",
				);
				MARKETING_VERSION = 1.0;
				PRODUCT_BUNDLE_IDENTIFIER = "Binshad.iOS-Challenge";
				PRODUCT_NAME = "$(TARGET_NAME)";
				SWIFT_EMIT_LOC_STRINGS = YES;
				SWIFT_VERSION = 5.0;
				TARGETED_DEVICE_FAMILY = "1,2";
			};
			name = Debug;
		};
		8DF7973429ED950A00D0F84A /* Release */ = {
			isa = XCBuildConfiguration;
			buildSettings = {
				ASSETCATALOG_COMPILER_APPICON_NAME = AppIcon;
				ASSETCATALOG_COMPILER_GLOBAL_ACCENT_COLOR_NAME = AccentColor;
				CODE_SIGN_STYLE = Automatic;
				CURRENT_PROJECT_VERSION = 1;
				DEVELOPMENT_ASSET_PATHS = "\"iOS Challenge/Preview Content\"";
				DEVELOPMENT_TEAM = 36WCAWJJZ6;
				ENABLE_PREVIEWS = YES;
				GENERATE_INFOPLIST_FILE = YES;
				INFOPLIST_KEY_UIApplicationSceneManifest_Generation = YES;
				INFOPLIST_KEY_UIApplicationSupportsIndirectInputEvents = YES;
				INFOPLIST_KEY_UILaunchScreen_Generation = YES;
				INFOPLIST_KEY_UISupportedInterfaceOrientations_iPad = "UIInterfaceOrientationPortrait UIInterfaceOrientationPortraitUpsideDown UIInterfaceOrientationLandscapeLeft UIInterfaceOrientationLandscapeRight";
				INFOPLIST_KEY_UISupportedInterfaceOrientations_iPhone = "UIInterfaceOrientationPortrait UIInterfaceOrientationLandscapeLeft UIInterfaceOrientationLandscapeRight";
				LD_RUNPATH_SEARCH_PATHS = (
					"$(inherited)",
					"@executable_path/Frameworks",
				);
				MARKETING_VERSION = 1.0;
				PRODUCT_BUNDLE_IDENTIFIER = "Binshad.iOS-Challenge";
				PRODUCT_NAME = "$(TARGET_NAME)";
				SWIFT_EMIT_LOC_STRINGS = YES;
				SWIFT_VERSION = 5.0;
				TARGETED_DEVICE_FAMILY = "1,2";
			};
			name = Release;
		};
		8DF7973629ED950A00D0F84A /* Debug */ = {
			isa = XCBuildConfiguration;
			buildSettings = {
				ALWAYS_EMBED_SWIFT_STANDARD_LIBRARIES = YES;
				BUNDLE_LOADER = "$(TEST_HOST)";
				CODE_SIGN_STYLE = Automatic;
				CURRENT_PROJECT_VERSION = 1;
				DEVELOPMENT_TEAM = 36WCAWJJZ6;
				GENERATE_INFOPLIST_FILE = YES;
				IPHONEOS_DEPLOYMENT_TARGET = 15.0;
				LD_RUNPATH_SEARCH_PATHS = (
					"$(inherited)",
					"@executable_path/Frameworks",
					"@loader_path/Frameworks",
				);
				MARKETING_VERSION = 1.0;
				PRODUCT_BUNDLE_IDENTIFIER = "Binshad.iOS-ChallengeTests";
				PRODUCT_NAME = "$(TARGET_NAME)";
				SWIFT_EMIT_LOC_STRINGS = NO;
				SWIFT_VERSION = 5.0;
				TARGETED_DEVICE_FAMILY = "1,2";
				TEST_HOST = "$(BUILT_PRODUCTS_DIR)/iOS Challenge.app/iOS Challenge";
			};
			name = Debug;
		};
		8DF7973729ED950A00D0F84A /* Release */ = {
			isa = XCBuildConfiguration;
			buildSettings = {
				ALWAYS_EMBED_SWIFT_STANDARD_LIBRARIES = YES;
				BUNDLE_LOADER = "$(TEST_HOST)";
				CODE_SIGN_STYLE = Automatic;
				CURRENT_PROJECT_VERSION = 1;
				DEVELOPMENT_TEAM = 36WCAWJJZ6;
				GENERATE_INFOPLIST_FILE = YES;
				IPHONEOS_DEPLOYMENT_TARGET = 15.0;
				LD_RUNPATH_SEARCH_PATHS = (
					"$(inherited)",
					"@executable_path/Frameworks",
					"@loader_path/Frameworks",
				);
				MARKETING_VERSION = 1.0;
				PRODUCT_BUNDLE_IDENTIFIER = "Binshad.iOS-ChallengeTests";
				PRODUCT_NAME = "$(TARGET_NAME)";
				SWIFT_EMIT_LOC_STRINGS = NO;
				SWIFT_VERSION = 5.0;
				TARGETED_DEVICE_FAMILY = "1,2";
				TEST_HOST = "$(BUILT_PRODUCTS_DIR)/iOS Challenge.app/iOS Challenge";
			};
			name = Release;
		};
		8DF7973929ED950A00D0F84A /* Debug */ = {
			isa = XCBuildConfiguration;
			buildSettings = {
				ALWAYS_EMBED_SWIFT_STANDARD_LIBRARIES = YES;
				CODE_SIGN_STYLE = Automatic;
				CURRENT_PROJECT_VERSION = 1;
				DEVELOPMENT_TEAM = 36WCAWJJZ6;
				GENERATE_INFOPLIST_FILE = YES;
				LD_RUNPATH_SEARCH_PATHS = (
					"$(inherited)",
					"@executable_path/Frameworks",
					"@loader_path/Frameworks",
				);
				MARKETING_VERSION = 1.0;
				PRODUCT_BUNDLE_IDENTIFIER = "Binshad.iOS-ChallengeUITests";
				PRODUCT_NAME = "$(TARGET_NAME)";
				SWIFT_EMIT_LOC_STRINGS = NO;
				SWIFT_VERSION = 5.0;
				TARGETED_DEVICE_FAMILY = "1,2";
				TEST_TARGET_NAME = "iOS Challenge";
			};
			name = Debug;
		};
		8DF7973A29ED950A00D0F84A /* Release */ = {
			isa = XCBuildConfiguration;
			buildSettings = {
				ALWAYS_EMBED_SWIFT_STANDARD_LIBRARIES = YES;
				CODE_SIGN_STYLE = Automatic;
				CURRENT_PROJECT_VERSION = 1;
				DEVELOPMENT_TEAM = 36WCAWJJZ6;
				GENERATE_INFOPLIST_FILE = YES;
				LD_RUNPATH_SEARCH_PATHS = (
					"$(inherited)",
					"@executable_path/Frameworks",
					"@loader_path/Frameworks",
				);
				MARKETING_VERSION = 1.0;
				PRODUCT_BUNDLE_IDENTIFIER = "Binshad.iOS-ChallengeUITests";
				PRODUCT_NAME = "$(TARGET_NAME)";
				SWIFT_EMIT_LOC_STRINGS = NO;
				SWIFT_VERSION = 5.0;
				TARGETED_DEVICE_FAMILY = "1,2";
				TEST_TARGET_NAME = "iOS Challenge";
			};
			name = Release;
		};
/* End XCBuildConfiguration section */

/* Begin XCConfigurationList section */
		8DF7970429ED950500D0F84A /* Build configuration list for PBXProject "iOS Challenge" */ = {
			isa = XCConfigurationList;
			buildConfigurations = (
				8DF7973029ED950A00D0F84A /* Debug */,
				8DF7973129ED950A00D0F84A /* Release */,
			);
			defaultConfigurationIsVisible = 0;
			defaultConfigurationName = Release;
		};
		8DF7973229ED950A00D0F84A /* Build configuration list for PBXNativeTarget "iOS Challenge" */ = {
			isa = XCConfigurationList;
			buildConfigurations = (
				8DF7973329ED950A00D0F84A /* Debug */,
				8DF7973429ED950A00D0F84A /* Release */,
			);
			defaultConfigurationIsVisible = 0;
			defaultConfigurationName = Release;
		};
		8DF7973529ED950A00D0F84A /* Build configuration list for PBXNativeTarget "iOS ChallengeTests" */ = {
			isa = XCConfigurationList;
			buildConfigurations = (
				8DF7973629ED950A00D0F84A /* Debug */,
				8DF7973729ED950A00D0F84A /* Release */,
			);
			defaultConfigurationIsVisible = 0;
			defaultConfigurationName = Release;
		};
		8DF7973829ED950A00D0F84A /* Build configuration list for PBXNativeTarget "iOS ChallengeUITests" */ = {
			isa = XCConfigurationList;
			buildConfigurations = (
				8DF7973929ED950A00D0F84A /* Debug */,
				8DF7973A29ED950A00D0F84A /* Release */,
			);
			defaultConfigurationIsVisible = 0;
			defaultConfigurationName = Release;
		};
/* End XCConfigurationList section */

/* Begin XCVersionGroup section */
		8DF7971729ED950900D0F84A /* iOS_Challenge.xcdatamodeld */ = {
			isa = XCVersionGroup;
			children = (
				8DF7971829ED950900D0F84A /* iOS_Challenge.xcdatamodel */,
			);
			currentVersion = 8DF7971829ED950900D0F84A /* iOS_Challenge.xcdatamodel */;
			path = iOS_Challenge.xcdatamodeld;
			sourceTree = "<group>";
			versionGroupType = wrapper.xcdatamodel;
		};
/* End XCVersionGroup section */
	};
	rootObject = 8DF7970129ED950500D0F84A /* Project object */;
}
